
Microsoft Visual Studio Solution File, Format Version 11.00
# Visual Studio 2010
Project("{FAE04EC0-301F-11D3-BF4B-00C04F79EFBC}") = "EmulateHardware", "EmulateHardware.csproj", "{239484D6-F7E4-4F47-A90D-B9A8D79577CB}"
EndProject
Global
	GlobalSection(SolutionConfigurationPlatforms) = preSolution
		Debug|Any CPU = Debug|Any CPU
		Release|Any CPU = Release|Any CPU
		RTM|Any CPU = RTM|Any CPU
	EndGlobalSection
	GlobalSection(ProjectConfigurationPlatforms) = postSolution
		{239484D6-F7E4-4F47-A90D-B9A8D79577CB}.Debug|Any CPU.ActiveCfg = Debug|Any CPU
		{239484D6-F7E4-4F47-A90D-B9A8D79577CB}.Debug|Any CPU.Build.0 = Debug|Any CPU
		{239484D6-F7E4-4F47-A90D-B9A8D79577CB}.Debug|Any CPU.Deploy.0 = Debug|Any CPU
		{239484D6-F7E4-4F47-A90D-B9A8D79577CB}.Release|Any CPU.ActiveCfg = Debug|Any CPU
		{239484D6-F7E4-4F47-A90D-B9A8D79577CB}.Release|Any CPU.Build.0 = Debug|Any CPU
		{239484D6-F7E4-4F47-A90D-B9A8D79577CB}.Release|Any CPU.Deploy.0 = Debug|Any CPU
		{239484D6-F7E4-4F47-A90D-B9A8D79577CB}.RTM|Any CPU.ActiveCfg = Debug|Any CPU
		{239484D6-F7E4-4F47-A90D-B9A8D79577CB}.RTM|Any CPU.Build.0 = Debug|Any CPU
		{239484D6-F7E4-4F47-A90D-B9A8D79577CB}.RTM|Any CPU.Deploy.0 = Debug|Any CPU
	EndGlobalSection
	GlobalSection(SolutionProperties) = preSolution
		HideSolutionNode = FALSE
	EndGlobalSection
EndGlobal
