Microsoft Visual Studio Solution File, Format Version 11.00
# Visual Studio 2010
Project("{FAE04EC0-301F-11D3-BF4B-00C04F79EFBC}") = "Debugger", "Framework\Debugger\Debugger.csproj", "{D9DCA6FB-680F-4355-ABEF-128DB02721E6}"
EndProject
Project("{FAE04EC0-301F-11D3-BF4B-00C04F79EFBC}") = "SerialDump", "Framework\Tools\SerialDump\SerialDump.csproj", "{27F16193-B445-467A-B1D7-73E8F9D29C0B}"
	ProjectSection(ProjectDependencies) = postProject
		{D9DCA6FB-680F-4355-ABEF-128DB02721E6} = {D9DCA6FB-680F-4355-ABEF-128DB02721E6}
	EndProjectSection
EndProject
Project("{FAE04EC0-301F-11D3-BF4B-00C04F79EFBC}") = "DumpTypeHashes", "Framework\Tools\DumpTypeHashes\DumpTypeHashes.csproj", "{DB7B9B8C-30F2-4CE8-B3C7-326AD1160E74}"
	ProjectSection(ProjectDependencies) = postProject
		{D9DCA6FB-680F-4355-ABEF-128DB02721E6} = {D9DCA6FB-680F-4355-ABEF-128DB02721E6}
	EndProjectSection
EndProject
Project("{FAE04EC0-301F-11D3-BF4B-00C04F79EFBC}") = "AbortHandlerClient", "Framework\Tools\AbortHandlerClient\AbortHandlerClient.csproj", "{252A4F97-3F27-49E9-939A-A98EDDB32051}"
	ProjectSection(ProjectDependencies) = postProject
		{D9DCA6FB-680F-4355-ABEF-128DB02721E6} = {D9DCA6FB-680F-4355-ABEF-128DB02721E6}
	EndProjectSection
EndProject
Project("{FAE04EC0-301F-11D3-BF4B-00C04F79EFBC}") = "ConnectionManager", "Framework\Tools\ConnectionManager\ConnectionManager.csproj", "{AD7EB651-E1BF-4B12-AF53-FFD3A5C6C68A}"
	ProjectSection(ProjectDependencies) = postProject
		{D9DCA6FB-680F-4355-ABEF-128DB02721E6} = {D9DCA6FB-680F-4355-ABEF-128DB02721E6}
	EndProjectSection
EndProject
Project("{FAE04EC0-301F-11D3-BF4B-00C04F79EFBC}") = "ConnectionManagerHost", "Framework\Tools\ConnectionManagerHost\ConnectionManagerHost.csproj", "{10DEE585-DBC5-44AE-B996-7177194267B9}"
	ProjectSection(ProjectDependencies) = postProject
		{AD7EB651-E1BF-4B12-AF53-FFD3A5C6C68A} = {AD7EB651-E1BF-4B12-AF53-FFD3A5C6C68A}
		{D9DCA6FB-680F-4355-ABEF-128DB02721E6} = {D9DCA6FB-680F-4355-ABEF-128DB02721E6}
	EndProjectSection
EndProject
Project("{FAE04EC0-301F-11D3-BF4B-00C04F79EFBC}") = "BuildTasks", "Framework\Tools\BuildTasks\BuildTasks.csproj", "{9B3D156D-B9D2-4F9C-BFDF-91FC42EE1280}"
EndProject
Project("{FAE04EC0-301F-11D3-BF4B-00C04F79EFBC}") = "CorDebug", "Framework\CorDebug\CorDebug.csproj", "{85DC9C08-FE2A-4D64-84D7-D01E2105D869}"
	ProjectSection(ProjectDependencies) = postProject
		{AD7EB651-E1BF-4B12-AF53-FFD3A5C6C68A} = {AD7EB651-E1BF-4B12-AF53-FFD3A5C6C68A}
		{9B3D156D-B9D2-4F9C-BFDF-91FC42EE1280} = {9B3D156D-B9D2-4F9C-BFDF-91FC42EE1280}
		{D9DCA6FB-680F-4355-ABEF-128DB02721E6} = {D9DCA6FB-680F-4355-ABEF-128DB02721E6}
	EndProjectSection
EndProject
Project("{FAE04EC0-301F-11D3-BF4B-00C04F79EFBC}") = "InternalBuildTasks", "Framework\Tools\BuildTasksInternal\InternalBuildTasks.csproj", "{04903C08-F89B-4CF0-A25F-E3D541542146}"
EndProject
Project("{FAE04EC0-301F-11D3-BF4B-00C04F79EFBC}") = "NativeBuildTasks", "Framework\Tools\BuildTasksNativeBuild\NativeBuildTasks.csproj", "{7B8DD39E-B0AA-47FC-B30B-B777CF840695}"
EndProject
Project("{FAE04EC0-301F-11D3-BF4B-00C04F79EFBC}") = "ScatterFileProcessor", "Framework\Tools\ScatterFileProcessor\ScatterFileProcessor.csproj", "{18D023E0-DBEC-4FA6-9CF0-C198014DA4AD}"
EndProject
Project("{FAE04EC0-301F-11D3-BF4B-00C04F79EFBC}") = "Emulator", "Framework\Tools\Emulator\Emulator.csproj", "{65DC1F8F-6EAE-48E1-8F61-D119D3C7D171}"
EndProject
Project("{FAE04EC0-301F-11D3-BF4B-00C04F79EFBC}") = "CommandLineEmulator", "Framework\Tools\Emulators\CommandLineEmulator\CommandLineEmulator.csproj", "{022694CC-0B7B-46F9-80A2-0EE9CC53AA1C}"
EndProject
Project("{FAE04EC0-301F-11D3-BF4B-00C04F79EFBC}") = "MFDeployEngine", "Framework\Tools\MFDeploy\Library\MFDeployEngine.csproj", "{E9F90713-1AC8-4C59-BA77-27AA7D7C87C2}"
EndProject
Project("{FAE04EC0-301F-11D3-BF4B-00C04F79EFBC}") = "MFDeploy", "Framework\Tools\MFDeploy\Application\MFDeploy.csproj", "{322AE920-4781-4D09-834D-71E744C78803}"
	ProjectSection(ProjectDependencies) = postProject
		{E9F90713-1AC8-4C59-BA77-27AA7D7C87C2} = {E9F90713-1AC8-4C59-BA77-27AA7D7C87C2}
	EndProjectSection
EndProject
Project("{FAE04EC0-301F-11D3-BF4B-00C04F79EFBC}") = "MFProfiler", "Framework\Tools\MFProfiler\MFProfiler.csproj", "{A9351D9B-872B-455D-85D6-E672B3F3FACD}"
EndProject
Project("{FAE04EC0-301F-11D3-BF4B-00C04F79EFBC}") = "MFSvcUtil", "Framework\Tools\MFSvcUtil\MFSvcUtil\MFSvcUtil.csproj", "{7F16E902-2D63-4ECD-B2E5-E29B98CFE75A}"
EndProject
Project("{FAE04EC0-301F-11D3-BF4B-00C04F79EFBC}") = "MFSvcImporter", "Framework\Tools\MFSvcUtil\MFSvcImporter\MFSvcImporter.csproj", "{91CF66F3-3FDF-4548-B0F6-1D9FEB3C4708}"
EndProject
Project("{FAE04EC0-301F-11D3-BF4B-00C04F79EFBC}") = "NativeProfilerFilter", "Framework\Tools\NativeProfilerFilter\NativeProfilerFilter.csproj", "{9B100C54-7061-490F-8FE4-C21F6E186F6C}"
EndProject
Project("{FAE04EC0-301F-11D3-BF4B-00C04F79EFBC}") = "NativeProfilerViewer", "Framework\Tools\NativeProfilerViewer\NativeProfilerViewer.csproj", "{4956DB20-4922-4350-9181-C9C8234D918E}"
EndProject
Global
	GlobalSection(SolutionConfigurationPlatforms) = preSolution
		Debug|Any CPU = Debug|Any CPU
		Debug|Mixed Platforms = Debug|Mixed Platforms
		Debug|x86 = Debug|x86
		Developer|Any CPU = Developer|Any CPU
		Developer|Mixed Platforms = Developer|Mixed Platforms
		Developer|x86 = Developer|x86
		Release|Any CPU = Release|Any CPU
		Release|Mixed Platforms = Release|Mixed Platforms
		Release|x86 = Release|x86
	EndGlobalSection
	GlobalSection(ProjectConfigurationPlatforms) = postSolution
		{D9DCA6FB-680F-4355-ABEF-128DB02721E6}.Debug|Any CPU.ActiveCfg = Debug_Server|Any CPU
		{D9DCA6FB-680F-4355-ABEF-128DB02721E6}.Debug|Any CPU.Build.0 = Debug_Server|Any CPU
		{D9DCA6FB-680F-4355-ABEF-128DB02721E6}.Debug|Mixed Platforms.ActiveCfg = Debug|Any CPU
		{D9DCA6FB-680F-4355-ABEF-128DB02721E6}.Debug|Mixed Platforms.Build.0 = Debug|Any CPU
		{D9DCA6FB-680F-4355-ABEF-128DB02721E6}.Debug|x86.ActiveCfg = Debug|Any CPU
		{D9DCA6FB-680F-4355-ABEF-128DB02721E6}.Developer|Any CPU.ActiveCfg = Debug_Server|Any CPU
		{D9DCA6FB-680F-4355-ABEF-128DB02721E6}.Developer|Any CPU.Build.0 = Debug_Server|Any CPU
		{D9DCA6FB-680F-4355-ABEF-128DB02721E6}.Developer|Mixed Platforms.ActiveCfg = Debug_Server|Any CPU
		{D9DCA6FB-680F-4355-ABEF-128DB02721E6}.Developer|Mixed Platforms.Build.0 = Debug_Server|Any CPU
		{D9DCA6FB-680F-4355-ABEF-128DB02721E6}.Developer|x86.ActiveCfg = Debug_Server|Any CPU
		{D9DCA6FB-680F-4355-ABEF-128DB02721E6}.Release|Any CPU.ActiveCfg = Release_Server|Any CPU
		{D9DCA6FB-680F-4355-ABEF-128DB02721E6}.Release|Any CPU.Build.0 = Release_Server|Any CPU
		{D9DCA6FB-680F-4355-ABEF-128DB02721E6}.Release|Mixed Platforms.ActiveCfg = Release_Server|Any CPU
		{D9DCA6FB-680F-4355-ABEF-128DB02721E6}.Release|Mixed Platforms.Build.0 = Release_Server|Any CPU
		{D9DCA6FB-680F-4355-ABEF-128DB02721E6}.Release|x86.ActiveCfg = Release_Server|Any CPU
		{27F16193-B445-467A-B1D7-73E8F9D29C0B}.Debug|Any CPU.ActiveCfg = Debug_Server|Any CPU
		{27F16193-B445-467A-B1D7-73E8F9D29C0B}.Debug|Any CPU.Build.0 = Debug_Server|Any CPU
		{27F16193-B445-467A-B1D7-73E8F9D29C0B}.Debug|Mixed Platforms.ActiveCfg = Debug|Any CPU
		{27F16193-B445-467A-B1D7-73E8F9D29C0B}.Debug|Mixed Platforms.Build.0 = Debug|Any CPU
		{27F16193-B445-467A-B1D7-73E8F9D29C0B}.Debug|x86.ActiveCfg = Debug|Any CPU
		{27F16193-B445-467A-B1D7-73E8F9D29C0B}.Developer|Any CPU.ActiveCfg = Debug_Server|Any CPU
		{27F16193-B445-467A-B1D7-73E8F9D29C0B}.Developer|Any CPU.Build.0 = Debug_Server|Any CPU
		{27F16193-B445-467A-B1D7-73E8F9D29C0B}.Developer|Mixed Platforms.ActiveCfg = Debug_Server|Any CPU
		{27F16193-B445-467A-B1D7-73E8F9D29C0B}.Developer|Mixed Platforms.Build.0 = Debug_Server|Any CPU
		{27F16193-B445-467A-B1D7-73E8F9D29C0B}.Developer|x86.ActiveCfg = Debug_Server|Any CPU
		{27F16193-B445-467A-B1D7-73E8F9D29C0B}.Release|Any CPU.ActiveCfg = Release_Server|Any CPU
		{27F16193-B445-467A-B1D7-73E8F9D29C0B}.Release|Any CPU.Build.0 = Release_Server|Any CPU
		{27F16193-B445-467A-B1D7-73E8F9D29C0B}.Release|Mixed Platforms.ActiveCfg = Release_Server|Any CPU
		{27F16193-B445-467A-B1D7-73E8F9D29C0B}.Release|Mixed Platforms.Build.0 = Release_Server|Any CPU
		{27F16193-B445-467A-B1D7-73E8F9D29C0B}.Release|x86.ActiveCfg = Release_Server|Any CPU
		{DB7B9B8C-30F2-4CE8-B3C7-326AD1160E74}.Debug|Any CPU.ActiveCfg = Debug_Server|Any CPU
		{DB7B9B8C-30F2-4CE8-B3C7-326AD1160E74}.Debug|Any CPU.Build.0 = Debug_Server|Any CPU
		{DB7B9B8C-30F2-4CE8-B3C7-326AD1160E74}.Debug|Mixed Platforms.ActiveCfg = Debug|Any CPU
		{DB7B9B8C-30F2-4CE8-B3C7-326AD1160E74}.Debug|Mixed Platforms.Build.0 = Debug|Any CPU
		{DB7B9B8C-30F2-4CE8-B3C7-326AD1160E74}.Debug|x86.ActiveCfg = Debug|Any CPU
		{DB7B9B8C-30F2-4CE8-B3C7-326AD1160E74}.Developer|Any CPU.ActiveCfg = Debug_Server|Any CPU
		{DB7B9B8C-30F2-4CE8-B3C7-326AD1160E74}.Developer|Any CPU.Build.0 = Debug_Server|Any CPU
		{DB7B9B8C-30F2-4CE8-B3C7-326AD1160E74}.Developer|Mixed Platforms.ActiveCfg = Debug_Server|Any CPU
		{DB7B9B8C-30F2-4CE8-B3C7-326AD1160E74}.Developer|Mixed Platforms.Build.0 = Debug_Server|Any CPU
		{DB7B9B8C-30F2-4CE8-B3C7-326AD1160E74}.Developer|x86.ActiveCfg = Debug_Server|Any CPU
		{DB7B9B8C-30F2-4CE8-B3C7-326AD1160E74}.Release|Any CPU.ActiveCfg = Release_Server|Any CPU
		{DB7B9B8C-30F2-4CE8-B3C7-326AD1160E74}.Release|Any CPU.Build.0 = Release_Server|Any CPU
		{DB7B9B8C-30F2-4CE8-B3C7-326AD1160E74}.Release|Mixed Platforms.ActiveCfg = Release_Server|Any CPU
		{DB7B9B8C-30F2-4CE8-B3C7-326AD1160E74}.Release|Mixed Platforms.Build.0 = Release_Server|Any CPU
		{DB7B9B8C-30F2-4CE8-B3C7-326AD1160E74}.Release|x86.ActiveCfg = Release_Server|Any CPU
		{252A4F97-3F27-49E9-939A-A98EDDB32051}.Debug|Any CPU.ActiveCfg = Debug_Server|Any CPU
		{252A4F97-3F27-49E9-939A-A98EDDB32051}.Debug|Any CPU.Build.0 = Debug_Server|Any CPU
		{252A4F97-3F27-49E9-939A-A98EDDB32051}.Debug|Mixed Platforms.ActiveCfg = Debug|Any CPU
		{252A4F97-3F27-49E9-939A-A98EDDB32051}.Debug|Mixed Platforms.Build.0 = Debug|Any CPU
		{252A4F97-3F27-49E9-939A-A98EDDB32051}.Debug|x86.ActiveCfg = Debug|Any CPU
		{252A4F97-3F27-49E9-939A-A98EDDB32051}.Developer|Any CPU.ActiveCfg = Debug_Server|Any CPU
		{252A4F97-3F27-49E9-939A-A98EDDB32051}.Developer|Any CPU.Build.0 = Debug_Server|Any CPU
		{252A4F97-3F27-49E9-939A-A98EDDB32051}.Developer|Mixed Platforms.ActiveCfg = Debug_Server|Any CPU
		{252A4F97-3F27-49E9-939A-A98EDDB32051}.Developer|Mixed Platforms.Build.0 = Debug_Server|Any CPU
		{252A4F97-3F27-49E9-939A-A98EDDB32051}.Developer|x86.ActiveCfg = Debug_Server|Any CPU
		{252A4F97-3F27-49E9-939A-A98EDDB32051}.Release|Any CPU.ActiveCfg = Release_Server|Any CPU
		{252A4F97-3F27-49E9-939A-A98EDDB32051}.Release|Any CPU.Build.0 = Release_Server|Any CPU
		{252A4F97-3F27-49E9-939A-A98EDDB32051}.Release|Mixed Platforms.ActiveCfg = Release_Server|Any CPU
		{252A4F97-3F27-49E9-939A-A98EDDB32051}.Release|Mixed Platforms.Build.0 = Release_Server|Any CPU
		{252A4F97-3F27-49E9-939A-A98EDDB32051}.Release|x86.ActiveCfg = Release_Server|Any CPU
		{AD7EB651-E1BF-4B12-AF53-FFD3A5C6C68A}.Debug|Any CPU.ActiveCfg = Debug_Server|Any CPU
		{AD7EB651-E1BF-4B12-AF53-FFD3A5C6C68A}.Debug|Any CPU.Build.0 = Debug_Server|Any CPU
		{AD7EB651-E1BF-4B12-AF53-FFD3A5C6C68A}.Debug|Mixed Platforms.ActiveCfg = Debug|Any CPU
		{AD7EB651-E1BF-4B12-AF53-FFD3A5C6C68A}.Debug|Mixed Platforms.Build.0 = Debug|Any CPU
		{AD7EB651-E1BF-4B12-AF53-FFD3A5C6C68A}.Debug|x86.ActiveCfg = Debug|Any CPU
		{AD7EB651-E1BF-4B12-AF53-FFD3A5C6C68A}.Developer|Any CPU.ActiveCfg = Debug_Server|Any CPU
		{AD7EB651-E1BF-4B12-AF53-FFD3A5C6C68A}.Developer|Any CPU.Build.0 = Debug_Server|Any CPU
		{AD7EB651-E1BF-4B12-AF53-FFD3A5C6C68A}.Developer|Mixed Platforms.ActiveCfg = Debug_Server|Any CPU
		{AD7EB651-E1BF-4B12-AF53-FFD3A5C6C68A}.Developer|Mixed Platforms.Build.0 = Debug_Server|Any CPU
		{AD7EB651-E1BF-4B12-AF53-FFD3A5C6C68A}.Developer|x86.ActiveCfg = Debug_Server|Any CPU
		{AD7EB651-E1BF-4B12-AF53-FFD3A5C6C68A}.Release|Any CPU.ActiveCfg = Release_Server|Any CPU
		{AD7EB651-E1BF-4B12-AF53-FFD3A5C6C68A}.Release|Any CPU.Build.0 = Release_Server|Any CPU
		{AD7EB651-E1BF-4B12-AF53-FFD3A5C6C68A}.Release|Mixed Platforms.ActiveCfg = Release_Server|Any CPU
		{AD7EB651-E1BF-4B12-AF53-FFD3A5C6C68A}.Release|Mixed Platforms.Build.0 = Release_Server|Any CPU
		{AD7EB651-E1BF-4B12-AF53-FFD3A5C6C68A}.Release|x86.ActiveCfg = Release_Server|Any CPU
		{10DEE585-DBC5-44AE-B996-7177194267B9}.Debug|Any CPU.ActiveCfg = Debug_Server|Any CPU
		{10DEE585-DBC5-44AE-B996-7177194267B9}.Debug|Any CPU.Build.0 = Debug_Server|Any CPU
		{10DEE585-DBC5-44AE-B996-7177194267B9}.Debug|Mixed Platforms.ActiveCfg = Debug|Any CPU
		{10DEE585-DBC5-44AE-B996-7177194267B9}.Debug|Mixed Platforms.Build.0 = Debug|Any CPU
		{10DEE585-DBC5-44AE-B996-7177194267B9}.Debug|x86.ActiveCfg = Debug|Any CPU
		{10DEE585-DBC5-44AE-B996-7177194267B9}.Developer|Any CPU.ActiveCfg = Debug_Server|Any CPU
		{10DEE585-DBC5-44AE-B996-7177194267B9}.Developer|Any CPU.Build.0 = Debug_Server|Any CPU
		{10DEE585-DBC5-44AE-B996-7177194267B9}.Developer|Mixed Platforms.ActiveCfg = Debug_Server|Any CPU
		{10DEE585-DBC5-44AE-B996-7177194267B9}.Developer|Mixed Platforms.Build.0 = Debug_Server|Any CPU
		{10DEE585-DBC5-44AE-B996-7177194267B9}.Developer|x86.ActiveCfg = Debug_Server|Any CPU
		{10DEE585-DBC5-44AE-B996-7177194267B9}.Release|Any CPU.ActiveCfg = Release_Server|Any CPU
		{10DEE585-DBC5-44AE-B996-7177194267B9}.Release|Any CPU.Build.0 = Release_Server|Any CPU
		{10DEE585-DBC5-44AE-B996-7177194267B9}.Release|Mixed Platforms.ActiveCfg = Release_Server|Any CPU
		{10DEE585-DBC5-44AE-B996-7177194267B9}.Release|Mixed Platforms.Build.0 = Release_Server|Any CPU
		{10DEE585-DBC5-44AE-B996-7177194267B9}.Release|x86.ActiveCfg = Release_Server|Any CPU
		{9B3D156D-B9D2-4F9C-BFDF-91FC42EE1280}.Debug|Any CPU.ActiveCfg = Debug|Any CPU
		{9B3D156D-B9D2-4F9C-BFDF-91FC42EE1280}.Debug|Any CPU.Build.0 = Debug|Any CPU
		{9B3D156D-B9D2-4F9C-BFDF-91FC42EE1280}.Debug|Mixed Platforms.ActiveCfg = Debug|Any CPU
		{9B3D156D-B9D2-4F9C-BFDF-91FC42EE1280}.Debug|Mixed Platforms.Build.0 = Debug|Any CPU
		{9B3D156D-B9D2-4F9C-BFDF-91FC42EE1280}.Debug|x86.ActiveCfg = Debug|Any CPU
		{9B3D156D-B9D2-4F9C-BFDF-91FC42EE1280}.Developer|Any CPU.ActiveCfg = Debug|Any CPU
		{9B3D156D-B9D2-4F9C-BFDF-91FC42EE1280}.Developer|Any CPU.Build.0 = Debug|Any CPU
		{9B3D156D-B9D2-4F9C-BFDF-91FC42EE1280}.Developer|Mixed Platforms.ActiveCfg = Debug|Any CPU
		{9B3D156D-B9D2-4F9C-BFDF-91FC42EE1280}.Developer|Mixed Platforms.Build.0 = Debug|Any CPU
		{9B3D156D-B9D2-4F9C-BFDF-91FC42EE1280}.Developer|x86.ActiveCfg = Debug|Any CPU
		{9B3D156D-B9D2-4F9C-BFDF-91FC42EE1280}.Release|Any CPU.ActiveCfg = Debug|Any CPU
		{9B3D156D-B9D2-4F9C-BFDF-91FC42EE1280}.Release|Any CPU.Build.0 = Debug|Any CPU
		{9B3D156D-B9D2-4F9C-BFDF-91FC42EE1280}.Release|Mixed Platforms.ActiveCfg = Debug|Any CPU
		{9B3D156D-B9D2-4F9C-BFDF-91FC42EE1280}.Release|Mixed Platforms.Build.0 = Debug|Any CPU
		{9B3D156D-B9D2-4F9C-BFDF-91FC42EE1280}.Release|x86.ActiveCfg = Debug|Any CPU
		{85DC9C08-FE2A-4D64-84D7-D01E2105D869}.Debug|Any CPU.ActiveCfg = Debug|Any CPU
		{85DC9C08-FE2A-4D64-84D7-D01E2105D869}.Debug|Any CPU.Build.0 = Debug|Any CPU
		{85DC9C08-FE2A-4D64-84D7-D01E2105D869}.Debug|Mixed Platforms.ActiveCfg = Debug|Any CPU
		{85DC9C08-FE2A-4D64-84D7-D01E2105D869}.Debug|Mixed Platforms.Build.0 = Debug|Any CPU
		{85DC9C08-FE2A-4D64-84D7-D01E2105D869}.Debug|x86.ActiveCfg = Debug|Any CPU
		{85DC9C08-FE2A-4D64-84D7-D01E2105D869}.Developer|Any CPU.ActiveCfg = Debug|Any CPU
		{85DC9C08-FE2A-4D64-84D7-D01E2105D869}.Developer|Any CPU.Build.0 = Debug|Any CPU
		{85DC9C08-FE2A-4D64-84D7-D01E2105D869}.Developer|Mixed Platforms.ActiveCfg = Debug|Any CPU
		{85DC9C08-FE2A-4D64-84D7-D01E2105D869}.Developer|Mixed Platforms.Build.0 = Debug|Any CPU
		{85DC9C08-FE2A-4D64-84D7-D01E2105D869}.Developer|x86.ActiveCfg = Debug|Any CPU
		{85DC9C08-FE2A-4D64-84D7-D01E2105D869}.Release|Any CPU.ActiveCfg = Debug|Any CPU
		{85DC9C08-FE2A-4D64-84D7-D01E2105D869}.Release|Any CPU.Build.0 = Debug|Any CPU
		{85DC9C08-FE2A-4D64-84D7-D01E2105D869}.Release|Mixed Platforms.ActiveCfg = Debug|Any CPU
		{85DC9C08-FE2A-4D64-84D7-D01E2105D869}.Release|Mixed Platforms.Build.0 = Debug|Any CPU
		{85DC9C08-FE2A-4D64-84D7-D01E2105D869}.Release|x86.ActiveCfg = Debug|Any CPU
		{04903C08-F89B-4CF0-A25F-E3D541542146}.Debug|Any CPU.ActiveCfg = Debug|Any CPU
		{04903C08-F89B-4CF0-A25F-E3D541542146}.Debug|Any CPU.Build.0 = Debug|Any CPU
		{04903C08-F89B-4CF0-A25F-E3D541542146}.Debug|Mixed Platforms.ActiveCfg = Debug|Any CPU
		{04903C08-F89B-4CF0-A25F-E3D541542146}.Debug|Mixed Platforms.Build.0 = Debug|Any CPU
		{04903C08-F89B-4CF0-A25F-E3D541542146}.Debug|x86.ActiveCfg = Debug|Any CPU
		{04903C08-F89B-4CF0-A25F-E3D541542146}.Developer|Any CPU.ActiveCfg = Debug|Any CPU
		{04903C08-F89B-4CF0-A25F-E3D541542146}.Developer|Any CPU.Build.0 = Debug|Any CPU
		{04903C08-F89B-4CF0-A25F-E3D541542146}.Developer|Mixed Platforms.ActiveCfg = Debug|Any CPU
		{04903C08-F89B-4CF0-A25F-E3D541542146}.Developer|Mixed Platforms.Build.0 = Debug|Any CPU
		{04903C08-F89B-4CF0-A25F-E3D541542146}.Developer|x86.ActiveCfg = Debug|Any CPU
		{04903C08-F89B-4CF0-A25F-E3D541542146}.Release|Any CPU.ActiveCfg = Debug|Any CPU
		{04903C08-F89B-4CF0-A25F-E3D541542146}.Release|Any CPU.Build.0 = Debug|Any CPU
		{04903C08-F89B-4CF0-A25F-E3D541542146}.Release|Mixed Platforms.ActiveCfg = Debug|Any CPU
		{04903C08-F89B-4CF0-A25F-E3D541542146}.Release|Mixed Platforms.Build.0 = Debug|Any CPU
		{04903C08-F89B-4CF0-A25F-E3D541542146}.Release|x86.ActiveCfg = Debug|Any CPU
		{7B8DD39E-B0AA-47FC-B30B-B777CF840695}.Debug|Any CPU.ActiveCfg = Debug|Any CPU
		{7B8DD39E-B0AA-47FC-B30B-B777CF840695}.Debug|Any CPU.Build.0 = Debug|Any CPU
		{7B8DD39E-B0AA-47FC-B30B-B777CF840695}.Debug|Mixed Platforms.ActiveCfg = Debug|Any CPU
		{7B8DD39E-B0AA-47FC-B30B-B777CF840695}.Debug|Mixed Platforms.Build.0 = Debug|Any CPU
		{7B8DD39E-B0AA-47FC-B30B-B777CF840695}.Debug|x86.ActiveCfg = Debug|Any CPU
		{7B8DD39E-B0AA-47FC-B30B-B777CF840695}.Developer|Any CPU.ActiveCfg = Debug|Any CPU
		{7B8DD39E-B0AA-47FC-B30B-B777CF840695}.Developer|Any CPU.Build.0 = Debug|Any CPU
		{7B8DD39E-B0AA-47FC-B30B-B777CF840695}.Developer|Mixed Platforms.ActiveCfg = Debug|Any CPU
		{7B8DD39E-B0AA-47FC-B30B-B777CF840695}.Developer|Mixed Platforms.Build.0 = Debug|Any CPU
		{7B8DD39E-B0AA-47FC-B30B-B777CF840695}.Developer|x86.ActiveCfg = Debug|Any CPU
		{7B8DD39E-B0AA-47FC-B30B-B777CF840695}.Release|Any CPU.ActiveCfg = Debug|Any CPU
		{7B8DD39E-B0AA-47FC-B30B-B777CF840695}.Release|Any CPU.Build.0 = Debug|Any CPU
		{7B8DD39E-B0AA-47FC-B30B-B777CF840695}.Release|Mixed Platforms.ActiveCfg = Debug|Any CPU
		{7B8DD39E-B0AA-47FC-B30B-B777CF840695}.Release|Mixed Platforms.Build.0 = Debug|Any CPU
		{7B8DD39E-B0AA-47FC-B30B-B777CF840695}.Release|x86.ActiveCfg = Debug|Any CPU
		{18D023E0-DBEC-4FA6-9CF0-C198014DA4AD}.Debug|Any CPU.ActiveCfg = Debug|Any CPU
		{18D023E0-DBEC-4FA6-9CF0-C198014DA4AD}.Debug|Any CPU.Build.0 = Debug|Any CPU
		{18D023E0-DBEC-4FA6-9CF0-C198014DA4AD}.Debug|Mixed Platforms.ActiveCfg = Debug|Any CPU
		{18D023E0-DBEC-4FA6-9CF0-C198014DA4AD}.Debug|Mixed Platforms.Build.0 = Debug|Any CPU
		{18D023E0-DBEC-4FA6-9CF0-C198014DA4AD}.Debug|x86.ActiveCfg = Debug|Any CPU
		{18D023E0-DBEC-4FA6-9CF0-C198014DA4AD}.Developer|Any CPU.ActiveCfg = Debug|Any CPU
		{18D023E0-DBEC-4FA6-9CF0-C198014DA4AD}.Developer|Any CPU.Build.0 = Debug|Any CPU
		{18D023E0-DBEC-4FA6-9CF0-C198014DA4AD}.Developer|Mixed Platforms.ActiveCfg = Debug|Any CPU
		{18D023E0-DBEC-4FA6-9CF0-C198014DA4AD}.Developer|Mixed Platforms.Build.0 = Debug|Any CPU
		{18D023E0-DBEC-4FA6-9CF0-C198014DA4AD}.Developer|x86.ActiveCfg = Debug|Any CPU
		{18D023E0-DBEC-4FA6-9CF0-C198014DA4AD}.Release|Any CPU.ActiveCfg = Debug|Any CPU
		{18D023E0-DBEC-4FA6-9CF0-C198014DA4AD}.Release|Any CPU.Build.0 = Debug|Any CPU
		{18D023E0-DBEC-4FA6-9CF0-C198014DA4AD}.Release|Mixed Platforms.ActiveCfg = Debug|Any CPU
		{18D023E0-DBEC-4FA6-9CF0-C198014DA4AD}.Release|Mixed Platforms.Build.0 = Debug|Any CPU
		{18D023E0-DBEC-4FA6-9CF0-C198014DA4AD}.Release|x86.ActiveCfg = Debug|Any CPU
		{65DC1F8F-6EAE-48E1-8F61-D119D3C7D171}.Debug|Any CPU.ActiveCfg = Debug|Any CPU
		{65DC1F8F-6EAE-48E1-8F61-D119D3C7D171}.Debug|Any CPU.Build.0 = Debug|Any CPU
		{65DC1F8F-6EAE-48E1-8F61-D119D3C7D171}.Debug|Mixed Platforms.ActiveCfg = Debug|Any CPU
		{65DC1F8F-6EAE-48E1-8F61-D119D3C7D171}.Debug|Mixed Platforms.Build.0 = Debug|Any CPU
		{65DC1F8F-6EAE-48E1-8F61-D119D3C7D171}.Debug|x86.ActiveCfg = Debug|Any CPU
		{65DC1F8F-6EAE-48E1-8F61-D119D3C7D171}.Developer|Any CPU.ActiveCfg = Debug|Any CPU
		{65DC1F8F-6EAE-48E1-8F61-D119D3C7D171}.Developer|Any CPU.Build.0 = Debug|Any CPU
		{65DC1F8F-6EAE-48E1-8F61-D119D3C7D171}.Developer|Mixed Platforms.ActiveCfg = Debug|Any CPU
		{65DC1F8F-6EAE-48E1-8F61-D119D3C7D171}.Developer|Mixed Platforms.Build.0 = Debug|Any CPU
		{65DC1F8F-6EAE-48E1-8F61-D119D3C7D171}.Developer|x86.ActiveCfg = Debug|Any CPU
		{65DC1F8F-6EAE-48E1-8F61-D119D3C7D171}.Release|Any CPU.ActiveCfg = Debug|Any CPU
		{65DC1F8F-6EAE-48E1-8F61-D119D3C7D171}.Release|Any CPU.Build.0 = Debug|Any CPU
		{65DC1F8F-6EAE-48E1-8F61-D119D3C7D171}.Release|Mixed Platforms.ActiveCfg = Debug|Any CPU
		{65DC1F8F-6EAE-48E1-8F61-D119D3C7D171}.Release|Mixed Platforms.Build.0 = Debug|Any CPU
		{65DC1F8F-6EAE-48E1-8F61-D119D3C7D171}.Release|x86.ActiveCfg = Debug|Any CPU
		{022694CC-0B7B-46F9-80A2-0EE9CC53AA1C}.Debug|Any CPU.ActiveCfg = Debug|Any CPU
		{022694CC-0B7B-46F9-80A2-0EE9CC53AA1C}.Debug|Any CPU.Build.0 = Debug|Any CPU
		{022694CC-0B7B-46F9-80A2-0EE9CC53AA1C}.Debug|Mixed Platforms.ActiveCfg = Debug|Any CPU
		{022694CC-0B7B-46F9-80A2-0EE9CC53AA1C}.Debug|Mixed Platforms.Build.0 = Debug|Any CPU
		{022694CC-0B7B-46F9-80A2-0EE9CC53AA1C}.Debug|x86.ActiveCfg = Debug|Any CPU
		{022694CC-0B7B-46F9-80A2-0EE9CC53AA1C}.Developer|Any CPU.ActiveCfg = Debug|Any CPU
		{022694CC-0B7B-46F9-80A2-0EE9CC53AA1C}.Developer|Any CPU.Build.0 = Debug|Any CPU
		{022694CC-0B7B-46F9-80A2-0EE9CC53AA1C}.Developer|Mixed Platforms.ActiveCfg = Debug|Any CPU
		{022694CC-0B7B-46F9-80A2-0EE9CC53AA1C}.Developer|Mixed Platforms.Build.0 = Debug|Any CPU
		{022694CC-0B7B-46F9-80A2-0EE9CC53AA1C}.Developer|x86.ActiveCfg = Debug|Any CPU
		{022694CC-0B7B-46F9-80A2-0EE9CC53AA1C}.Release|Any CPU.ActiveCfg = Debug|Any CPU
		{022694CC-0B7B-46F9-80A2-0EE9CC53AA1C}.Release|Any CPU.Build.0 = Debug|Any CPU
		{022694CC-0B7B-46F9-80A2-0EE9CC53AA1C}.Release|Mixed Platforms.ActiveCfg = Debug|Any CPU
		{022694CC-0B7B-46F9-80A2-0EE9CC53AA1C}.Release|Mixed Platforms.Build.0 = Debug|Any CPU
		{022694CC-0B7B-46F9-80A2-0EE9CC53AA1C}.Release|x86.ActiveCfg = Debug|Any CPU
		{E9F90713-1AC8-4C59-BA77-27AA7D7C87C2}.Debug|Any CPU.ActiveCfg = Debug|Any CPU
		{E9F90713-1AC8-4C59-BA77-27AA7D7C87C2}.Debug|Any CPU.Build.0 = Debug|Any CPU
		{E9F90713-1AC8-4C59-BA77-27AA7D7C87C2}.Debug|Mixed Platforms.ActiveCfg = Debug|Any CPU
		{E9F90713-1AC8-4C59-BA77-27AA7D7C87C2}.Debug|Mixed Platforms.Build.0 = Debug|Any CPU
		{E9F90713-1AC8-4C59-BA77-27AA7D7C87C2}.Debug|x86.ActiveCfg = Debug|Any CPU
		{E9F90713-1AC8-4C59-BA77-27AA7D7C87C2}.Developer|Any CPU.ActiveCfg = Debug|Any CPU
		{E9F90713-1AC8-4C59-BA77-27AA7D7C87C2}.Developer|Any CPU.Build.0 = Debug|Any CPU
		{E9F90713-1AC8-4C59-BA77-27AA7D7C87C2}.Developer|Mixed Platforms.ActiveCfg = Debug|Any CPU
		{E9F90713-1AC8-4C59-BA77-27AA7D7C87C2}.Developer|Mixed Platforms.Build.0 = Debug|Any CPU
		{E9F90713-1AC8-4C59-BA77-27AA7D7C87C2}.Developer|x86.ActiveCfg = Debug|Any CPU
		{E9F90713-1AC8-4C59-BA77-27AA7D7C87C2}.Release|Any CPU.ActiveCfg = Debug|Any CPU
		{E9F90713-1AC8-4C59-BA77-27AA7D7C87C2}.Release|Any CPU.Build.0 = Debug|Any CPU
		{E9F90713-1AC8-4C59-BA77-27AA7D7C87C2}.Release|Mixed Platforms.ActiveCfg = Debug|Any CPU
		{E9F90713-1AC8-4C59-BA77-27AA7D7C87C2}.Release|Mixed Platforms.Build.0 = Debug|Any CPU
		{E9F90713-1AC8-4C59-BA77-27AA7D7C87C2}.Release|x86.ActiveCfg = Debug|Any CPU
		{322AE920-4781-4D09-834D-71E744C78803}.Debug|Any CPU.ActiveCfg = Debug|Any CPU
		{322AE920-4781-4D09-834D-71E744C78803}.Debug|Any CPU.Build.0 = Debug|Any CPU
		{322AE920-4781-4D09-834D-71E744C78803}.Debug|Mixed Platforms.ActiveCfg = Debug|Any CPU
		{322AE920-4781-4D09-834D-71E744C78803}.Debug|Mixed Platforms.Build.0 = Debug|Any CPU
		{322AE920-4781-4D09-834D-71E744C78803}.Debug|x86.ActiveCfg = Debug|Any CPU
		{322AE920-4781-4D09-834D-71E744C78803}.Developer|Any CPU.ActiveCfg = Debug|Any CPU
		{322AE920-4781-4D09-834D-71E744C78803}.Developer|Any CPU.Build.0 = Debug|Any CPU
		{322AE920-4781-4D09-834D-71E744C78803}.Developer|Mixed Platforms.ActiveCfg = Debug|Any CPU
		{322AE920-4781-4D09-834D-71E744C78803}.Developer|Mixed Platforms.Build.0 = Debug|Any CPU
		{322AE920-4781-4D09-834D-71E744C78803}.Developer|x86.ActiveCfg = Debug|Any CPU
		{322AE920-4781-4D09-834D-71E744C78803}.Release|Any CPU.ActiveCfg = Debug|Any CPU
		{322AE920-4781-4D09-834D-71E744C78803}.Release|Any CPU.Build.0 = Debug|Any CPU
		{322AE920-4781-4D09-834D-71E744C78803}.Release|Mixed Platforms.ActiveCfg = Debug|Any CPU
		{322AE920-4781-4D09-834D-71E744C78803}.Release|Mixed Platforms.Build.0 = Debug|Any CPU
		{322AE920-4781-4D09-834D-71E744C78803}.Release|x86.ActiveCfg = Debug|Any CPU
		{A9351D9B-872B-455D-85D6-E672B3F3FACD}.Debug|Any CPU.ActiveCfg = Debug|x86
		{A9351D9B-872B-455D-85D6-E672B3F3FACD}.Debug|Mixed Platforms.ActiveCfg = Debug|x86
		{A9351D9B-872B-455D-85D6-E672B3F3FACD}.Debug|Mixed Platforms.Build.0 = Debug|x86
		{A9351D9B-872B-455D-85D6-E672B3F3FACD}.Debug|x86.ActiveCfg = Debug|x86
		{A9351D9B-872B-455D-85D6-E672B3F3FACD}.Debug|x86.Build.0 = Debug|x86
		{A9351D9B-872B-455D-85D6-E672B3F3FACD}.Developer|Any CPU.ActiveCfg = Debug|x86
		{A9351D9B-872B-455D-85D6-E672B3F3FACD}.Developer|Mixed Platforms.ActiveCfg = Debug|x86
		{A9351D9B-872B-455D-85D6-E672B3F3FACD}.Developer|Mixed Platforms.Build.0 = Debug|x86
		{A9351D9B-872B-455D-85D6-E672B3F3FACD}.Developer|x86.ActiveCfg = Debug|x86
		{A9351D9B-872B-455D-85D6-E672B3F3FACD}.Developer|x86.Build.0 = Debug|x86
		{A9351D9B-872B-455D-85D6-E672B3F3FACD}.Release|Any CPU.ActiveCfg = Release|x86
		{A9351D9B-872B-455D-85D6-E672B3F3FACD}.Release|Mixed Platforms.ActiveCfg = Release|x86
		{A9351D9B-872B-455D-85D6-E672B3F3FACD}.Release|Mixed Platforms.Build.0 = Release|x86
		{A9351D9B-872B-455D-85D6-E672B3F3FACD}.Release|x86.ActiveCfg = Release|x86
		{A9351D9B-872B-455D-85D6-E672B3F3FACD}.Release|x86.Build.0 = Release|x86
		{7F16E902-2D63-4ECD-B2E5-E29B98CFE75A}.Debug|Any CPU.ActiveCfg = Debug|Any CPU
		{7F16E902-2D63-4ECD-B2E5-E29B98CFE75A}.Debug|Any CPU.Build.0 = Debug|Any CPU
		{7F16E902-2D63-4ECD-B2E5-E29B98CFE75A}.Debug|Mixed Platforms.ActiveCfg = Debug|Any CPU
		{7F16E902-2D63-4ECD-B2E5-E29B98CFE75A}.Debug|Mixed Platforms.Build.0 = Debug|Any CPU
		{7F16E902-2D63-4ECD-B2E5-E29B98CFE75A}.Debug|x86.ActiveCfg = Debug|Any CPU
		{7F16E902-2D63-4ECD-B2E5-E29B98CFE75A}.Developer|Any CPU.ActiveCfg = Debug|Any CPU
		{7F16E902-2D63-4ECD-B2E5-E29B98CFE75A}.Developer|Any CPU.Build.0 = Debug|Any CPU
		{7F16E902-2D63-4ECD-B2E5-E29B98CFE75A}.Developer|Mixed Platforms.ActiveCfg = Debug|Any CPU
		{7F16E902-2D63-4ECD-B2E5-E29B98CFE75A}.Developer|Mixed Platforms.Build.0 = Debug|Any CPU
		{7F16E902-2D63-4ECD-B2E5-E29B98CFE75A}.Developer|x86.ActiveCfg = Debug|Any CPU
		{7F16E902-2D63-4ECD-B2E5-E29B98CFE75A}.Release|Any CPU.ActiveCfg = Debug|Any CPU
		{7F16E902-2D63-4ECD-B2E5-E29B98CFE75A}.Release|Any CPU.Build.0 = Debug|Any CPU
		{7F16E902-2D63-4ECD-B2E5-E29B98CFE75A}.Release|Mixed Platforms.ActiveCfg = Debug|Any CPU
		{7F16E902-2D63-4ECD-B2E5-E29B98CFE75A}.Release|Mixed Platforms.Build.0 = Debug|Any CPU
		{7F16E902-2D63-4ECD-B2E5-E29B98CFE75A}.Release|x86.ActiveCfg = Debug|Any CPU
		{91CF66F3-3FDF-4548-B0F6-1D9FEB3C4708}.Debug|Any CPU.ActiveCfg = Debug|Any CPU
		{91CF66F3-3FDF-4548-B0F6-1D9FEB3C4708}.Debug|Any CPU.Build.0 = Debug|Any CPU
		{91CF66F3-3FDF-4548-B0F6-1D9FEB3C4708}.Debug|Mixed Platforms.ActiveCfg = Debug|Any CPU
		{91CF66F3-3FDF-4548-B0F6-1D9FEB3C4708}.Debug|Mixed Platforms.Build.0 = Debug|Any CPU
		{91CF66F3-3FDF-4548-B0F6-1D9FEB3C4708}.Debug|x86.ActiveCfg = Debug|Any CPU
		{91CF66F3-3FDF-4548-B0F6-1D9FEB3C4708}.Developer|Any CPU.ActiveCfg = Debug|Any CPU
		{91CF66F3-3FDF-4548-B0F6-1D9FEB3C4708}.Developer|Any CPU.Build.0 = Debug|Any CPU
		{91CF66F3-3FDF-4548-B0F6-1D9FEB3C4708}.Developer|Mixed Platforms.ActiveCfg = Debug|Any CPU
		{91CF66F3-3FDF-4548-B0F6-1D9FEB3C4708}.Developer|Mixed Platforms.Build.0 = Debug|Any CPU
		{91CF66F3-3FDF-4548-B0F6-1D9FEB3C4708}.Developer|x86.ActiveCfg = Debug|Any CPU
		{91CF66F3-3FDF-4548-B0F6-1D9FEB3C4708}.Release|Any CPU.ActiveCfg = Debug|Any CPU
		{91CF66F3-3FDF-4548-B0F6-1D9FEB3C4708}.Release|Any CPU.Build.0 = Debug|Any CPU
		{91CF66F3-3FDF-4548-B0F6-1D9FEB3C4708}.Release|Mixed Platforms.ActiveCfg = Debug|Any CPU
		{91CF66F3-3FDF-4548-B0F6-1D9FEB3C4708}.Release|Mixed Platforms.Build.0 = Debug|Any CPU
		{91CF66F3-3FDF-4548-B0F6-1D9FEB3C4708}.Release|x86.ActiveCfg = Debug|Any CPU
		{9B100C54-7061-490F-8FE4-C21F6E186F6C}.Debug|Any CPU.ActiveCfg = Debug|Any CPU
		{9B100C54-7061-490F-8FE4-C21F6E186F6C}.Debug|Any CPU.Build.0 = Debug|Any CPU
		{9B100C54-7061-490F-8FE4-C21F6E186F6C}.Debug|Mixed Platforms.ActiveCfg = Debug|Any CPU
		{9B100C54-7061-490F-8FE4-C21F6E186F6C}.Debug|Mixed Platforms.Build.0 = Debug|Any CPU
		{9B100C54-7061-490F-8FE4-C21F6E186F6C}.Debug|x86.ActiveCfg = Debug|Any CPU
		{9B100C54-7061-490F-8FE4-C21F6E186F6C}.Developer|Any CPU.ActiveCfg = Debug|Any CPU
		{9B100C54-7061-490F-8FE4-C21F6E186F6C}.Developer|Any CPU.Build.0 = Debug|Any CPU
		{9B100C54-7061-490F-8FE4-C21F6E186F6C}.Developer|Mixed Platforms.ActiveCfg = Debug|Any CPU
		{9B100C54-7061-490F-8FE4-C21F6E186F6C}.Developer|Mixed Platforms.Build.0 = Debug|Any CPU
		{9B100C54-7061-490F-8FE4-C21F6E186F6C}.Developer|x86.ActiveCfg = Debug|Any CPU
		{9B100C54-7061-490F-8FE4-C21F6E186F6C}.Release|Any CPU.ActiveCfg = Release|Any CPU
		{9B100C54-7061-490F-8FE4-C21F6E186F6C}.Release|Any CPU.Build.0 = Release|Any CPU
		{9B100C54-7061-490F-8FE4-C21F6E186F6C}.Release|Mixed Platforms.ActiveCfg = Release|Any CPU
		{9B100C54-7061-490F-8FE4-C21F6E186F6C}.Release|Mixed Platforms.Build.0 = Release|Any CPU
		{9B100C54-7061-490F-8FE4-C21F6E186F6C}.Release|x86.ActiveCfg = Release|Any CPU
		{4956DB20-4922-4350-9181-C9C8234D918E}.Debug|Any CPU.ActiveCfg = Debug|Any CPU
		{4956DB20-4922-4350-9181-C9C8234D918E}.Debug|Any CPU.Build.0 = Debug|Any CPU
		{4956DB20-4922-4350-9181-C9C8234D918E}.Debug|Mixed Platforms.ActiveCfg = Debug|Any CPU
		{4956DB20-4922-4350-9181-C9C8234D918E}.Debug|Mixed Platforms.Build.0 = Debug|Any CPU
		{4956DB20-4922-4350-9181-C9C8234D918E}.Debug|x86.ActiveCfg = Debug|Any CPU
		{4956DB20-4922-4350-9181-C9C8234D918E}.Developer|Any CPU.ActiveCfg = Debug|Any CPU
		{4956DB20-4922-4350-9181-C9C8234D918E}.Developer|Any CPU.Build.0 = Debug|Any CPU
		{4956DB20-4922-4350-9181-C9C8234D918E}.Developer|Mixed Platforms.ActiveCfg = Debug|Any CPU
		{4956DB20-4922-4350-9181-C9C8234D918E}.Developer|Mixed Platforms.Build.0 = Debug|Any CPU
		{4956DB20-4922-4350-9181-C9C8234D918E}.Developer|x86.ActiveCfg = Debug|Any CPU
		{4956DB20-4922-4350-9181-C9C8234D918E}.Release|Any CPU.ActiveCfg = Release|Any CPU
		{4956DB20-4922-4350-9181-C9C8234D918E}.Release|Any CPU.Build.0 = Release|Any CPU
		{4956DB20-4922-4350-9181-C9C8234D918E}.Release|Mixed Platforms.ActiveCfg = Release|Any CPU
		{4956DB20-4922-4350-9181-C9C8234D918E}.Release|Mixed Platforms.Build.0 = Release|Any CPU
		{4956DB20-4922-4350-9181-C9C8234D918E}.Release|x86.ActiveCfg = Release|Any CPU
	EndGlobalSection
	GlobalSection(SolutionProperties) = preSolution
		HideSolutionNode = FALSE
	EndGlobalSection
EndGlobal
