Microsoft Visual Studio Solution File, Format Version 12.00
# Visual Studio 2013
VisualStudioVersion = 12.0.30723.0
MinimumVisualStudioVersion = 10.0.40219.1
Project("{FAE04EC0-301F-11D3-BF4B-00C04F79EFBC}") = "arrays", "arrays.csproj", "{5311E955-CFD7-4237-9528-C619B65CA8D0}"
EndProject
Global
	GlobalSection(SolutionConfigurationPlatforms) = preSolution
		Debug|Any CPU = Debug|Any CPU
		Release|Any CPU = Release|Any CPU
		RTM|Any CPU = RTM|Any CPU
	EndGlobalSection
	GlobalSection(ProjectConfigurationPlatforms) = postSolution
		{5311E955-CFD7-4237-9528-C619B65CA8D0}.Debug|Any CPU.ActiveCfg = Debug|Any CPU
		{5311E955-CFD7-4237-9528-C619B65CA8D0}.Debug|Any CPU.Build.0 = Debug|Any CPU
		{5311E955-CFD7-4237-9528-C619B65CA8D0}.Debug|Any CPU.Deploy.0 = Debug|Any CPU
		{5311E955-CFD7-4237-9528-C619B65CA8D0}.Release|Any CPU.ActiveCfg = Debug|Any CPU
		{5311E955-CFD7-4237-9528-C619B65CA8D0}.Release|Any CPU.Build.0 = Debug|Any CPU
		{5311E955-CFD7-4237-9528-C619B65CA8D0}.Release|Any CPU.Deploy.0 = Debug|Any CPU
		{5311E955-CFD7-4237-9528-C619B65CA8D0}.RTM|Any CPU.ActiveCfg = Debug|Any CPU
		{5311E955-CFD7-4237-9528-C619B65CA8D0}.RTM|Any CPU.Build.0 = Debug|Any CPU
		{5311E955-CFD7-4237-9528-C619B65CA8D0}.RTM|Any CPU.Deploy.0 = Debug|Any CPU
	EndGlobalSection
	GlobalSection(SolutionProperties) = preSolution
		HideSolutionNode = FALSE
	EndGlobalSection
EndGlobal
