
Microsoft Visual Studio Solution File, Format Version 11.00
# Visual Studio 2010
Project("{FAE04EC0-301F-11D3-BF4B-00C04F79EFBC}") = "RSATests", "RSATests.csproj", "{B27A7492-D401-4441-BA53-FDBE73383532}"
EndProject
Global
	GlobalSection(SolutionConfigurationPlatforms) = preSolution
		Debug|Any CPU = Debug|Any CPU
	EndGlobalSection
	GlobalSection(ProjectConfigurationPlatforms) = postSolution
		{B27A7492-D401-4441-BA53-FDBE73383532}.Debug|Any CPU.ActiveCfg = Debug|Any CPU
		{B27A7492-D401-4441-BA53-FDBE73383532}.Debug|Any CPU.Build.0 = Debug|Any CPU
		{B27A7492-D401-4441-BA53-FDBE73383532}.Debug|Any CPU.Deploy.0 = Debug|Any CPU
	EndGlobalSection
	GlobalSection(SolutionProperties) = preSolution
		HideSolutionNode = FALSE
	EndGlobalSection
EndGlobal
