
Microsoft Visual Studio Solution File, Format Version 11.00
# Visual Studio 2010
Project("{FAE04EC0-301F-11D3-BF4B-00C04F79EFBC}") = "MFDesktopTestRunner", "MFDesktopTestRunner.csproj", "{5865FD9B-FFA4-43CA-8149-FAB3D73F04D7}"
EndProject
Global
	GlobalSection(SolutionConfigurationPlatforms) = preSolution
		Debug|Any CPU = Debug|Any CPU
		Release|Any CPU = Release|Any CPU
	EndGlobalSection
	GlobalSection(ProjectConfigurationPlatforms) = postSolution
		{5865FD9B-FFA4-43CA-8149-FAB3D73F04D7}.Debug|Any CPU.ActiveCfg = Debug|Any CPU
		{5865FD9B-FFA4-43CA-8149-FAB3D73F04D7}.Debug|Any CPU.Build.0 = Debug|Any CPU
		{5865FD9B-FFA4-43CA-8149-FAB3D73F04D7}.Release|Any CPU.ActiveCfg = Debug|Any CPU
		{5865FD9B-FFA4-43CA-8149-FAB3D73F04D7}.Release|Any CPU.Build.0 = Debug|Any CPU
	EndGlobalSection
	GlobalSection(SolutionProperties) = preSolution
		HideSolutionNode = FALSE
	EndGlobalSection
EndGlobal
