Microsoft Visual Studio Solution File, Format Version 11.00
# Visual Studio 2010
Project("{F184B08F-C81C-45F6-A57F-5ABD9991F28F}") = "exceptions_VB", "exceptions_VB.vbproj", "{88AB0A71-ABD8-48E1-A647-C30EDCAD427B}"
EndProject
Global
	GlobalSection(SolutionConfigurationPlatforms) = preSolution
		Debug|Any CPU = Debug|Any CPU
		Release|Any CPU = Release|Any CPU
		RTM|Any CPU = RTM|Any CPU
	EndGlobalSection
	GlobalSection(ProjectConfigurationPlatforms) = postSolution
		{88AB0A71-ABD8-48E1-A647-C30EDCAD427B}.Debug|Any CPU.ActiveCfg = Debug|Any CPU
		{88AB0A71-ABD8-48E1-A647-C30EDCAD427B}.Debug|Any CPU.Build.0 = Debug|Any CPU
		{88AB0A71-ABD8-48E1-A647-C30EDCAD427B}.Debug|Any CPU.Deploy.0 = Debug|Any CPU
		{88AB0A71-ABD8-48E1-A647-C30EDCAD427B}.Release|Any CPU.ActiveCfg = Debug|Any CPU
		{88AB0A71-ABD8-48E1-A647-C30EDCAD427B}.Release|Any CPU.Build.0 = Debug|Any CPU
		{88AB0A71-ABD8-48E1-A647-C30EDCAD427B}.Release|Any CPU.Deploy.0 = Debug|Any CPU
		{88AB0A71-ABD8-48E1-A647-C30EDCAD427B}.RTM|Any CPU.ActiveCfg = Debug|Any CPU
		{88AB0A71-ABD8-48E1-A647-C30EDCAD427B}.RTM|Any CPU.Build.0 = Debug|Any CPU
		{88AB0A71-ABD8-48E1-A647-C30EDCAD427B}.RTM|Any CPU.Deploy.0 = Debug|Any CPU
	EndGlobalSection
	GlobalSection(SolutionProperties) = preSolution
		HideSolutionNode = FALSE
	EndGlobalSection
EndGlobal
