
Microsoft Visual Studio Solution File, Format Version 11.00
# Visual Studio 2010
Project("{FAE04EC0-301F-11D3-BF4B-00C04F79EFBC}") = "KeyTests", "KeyTests.csproj", "{235A5FB0-537C-4657-9751-45B37DDCCE96}"
EndProject
Global
	GlobalSection(SolutionConfigurationPlatforms) = preSolution
		Debug|Any CPU = Debug|Any CPU
	EndGlobalSection
	GlobalSection(ProjectConfigurationPlatforms) = postSolution
		{235A5FB0-537C-4657-9751-45B37DDCCE96}.Debug|Any CPU.ActiveCfg = Debug|Any CPU
		{235A5FB0-537C-4657-9751-45B37DDCCE96}.Debug|Any CPU.Build.0 = Debug|Any CPU
		{235A5FB0-537C-4657-9751-45B37DDCCE96}.Debug|Any CPU.Deploy.0 = Debug|Any CPU
	EndGlobalSection
	GlobalSection(SolutionProperties) = preSolution
		HideSolutionNode = FALSE
	EndGlobalSection
EndGlobal
