Microsoft Visual Studio Solution File, Format Version 11.00
# Visual Studio 2010
Project("{FAE04EC0-301F-11D3-BF4B-00C04F79EFBC}") = "threads3", "threads3.csproj", "{9F121CD2-BFFE-44AB-89E1-98D7CCD2CC96}"
EndProject
Global
	GlobalSection(SolutionConfigurationPlatforms) = preSolution
		Debug|Any CPU = Debug|Any CPU
		Release|Any CPU = Release|Any CPU
		RTM|Any CPU = RTM|Any CPU
	EndGlobalSection
	GlobalSection(ProjectConfigurationPlatforms) = postSolution
		{9F121CD2-BFFE-44AB-89E1-98D7CCD2CC96}.Debug|Any CPU.ActiveCfg = Debug|Any CPU
		{9F121CD2-BFFE-44AB-89E1-98D7CCD2CC96}.Debug|Any CPU.Build.0 = Debug|Any CPU
		{9F121CD2-BFFE-44AB-89E1-98D7CCD2CC96}.Debug|Any CPU.Deploy.0 = Debug|Any CPU
		{9F121CD2-BFFE-44AB-89E1-98D7CCD2CC96}.Release|Any CPU.ActiveCfg = Release|Any CPU
		{9F121CD2-BFFE-44AB-89E1-98D7CCD2CC96}.Release|Any CPU.Build.0 = Release|Any CPU
		{9F121CD2-BFFE-44AB-89E1-98D7CCD2CC96}.Release|Any CPU.Deploy.0 = Release|Any CPU
		{9F121CD2-BFFE-44AB-89E1-98D7CCD2CC96}.RTM|Any CPU.ActiveCfg = RTM|Any CPU
		{9F121CD2-BFFE-44AB-89E1-98D7CCD2CC96}.RTM|Any CPU.Build.0 = RTM|Any CPU
		{9F121CD2-BFFE-44AB-89E1-98D7CCD2CC96}.RTM|Any CPU.Deploy.0 = RTM|Any CPU
	EndGlobalSection
	GlobalSection(SolutionProperties) = preSolution
		HideSolutionNode = FALSE
	EndGlobalSection
EndGlobal
