Microsoft Visual Studio Solution File, Format Version 11.00
# Visual Studio 2010
Project("{406A331A-CCCB-4835-B571-9F7020CD00D4}") = "PathTests", "PathTests.csproj", "{DA6F30B3-788E-4702-9132-4CA4406F5726}"
EndProject
Global
	GlobalSection(SolutionConfigurationPlatforms) = preSolution
		Debug|Any CPU = Debug|Any CPU
		Release|Any CPU = Release|Any CPU
		RTM|Any CPU = RTM|Any CPU
	EndGlobalSection
	GlobalSection(ProjectConfigurationPlatforms) = postSolution
		{DA6F30B3-788E-4702-9132-4CA4406F5726}.Debug|Any CPU.ActiveCfg = Debug|Any CPU
		{DA6F30B3-788E-4702-9132-4CA4406F5726}.Debug|Any CPU.Build.0 = Debug|Any CPU
		{DA6F30B3-788E-4702-9132-4CA4406F5726}.Debug|Any CPU.Deploy.0 = Debug|Any CPU
		{DA6F30B3-788E-4702-9132-4CA4406F5726}.Release|Any CPU.ActiveCfg = Release|Any CPU
		{DA6F30B3-788E-4702-9132-4CA4406F5726}.Release|Any CPU.Build.0 = Release|Any CPU
		{DA6F30B3-788E-4702-9132-4CA4406F5726}.Release|Any CPU.Deploy.0 = Release|Any CPU
		{DA6F30B3-788E-4702-9132-4CA4406F5726}.RTM|Any CPU.ActiveCfg = RTM|Any CPU
		{DA6F30B3-788E-4702-9132-4CA4406F5726}.RTM|Any CPU.Build.0 = RTM|Any CPU
		{DA6F30B3-788E-4702-9132-4CA4406F5726}.RTM|Any CPU.Deploy.0 = RTM|Any CPU
	EndGlobalSection
	GlobalSection(SolutionProperties) = preSolution
		HideSolutionNode = FALSE
	EndGlobalSection
EndGlobal
