
Microsoft Visual Studio Solution File, Format Version 11.00
# Visual Studio 2010
Project("{FAE04EC0-301F-11D3-BF4B-00C04F79EFBC}") = "SecurityTests", "SecurityTests.csproj", "{066482FA-0D00-4C14-BFF0-E8A33FC05FFE}"
EndProject
Global
	GlobalSection(SolutionConfigurationPlatforms) = preSolution
		Debug|Any CPU = Debug|Any CPU
		Release|Any CPU = Release|Any CPU
		RTM|Any CPU = RTM|Any CPU
	EndGlobalSection
	GlobalSection(ProjectConfigurationPlatforms) = postSolution
		{066482FA-0D00-4C14-BFF0-E8A33FC05FFE}.Debug|Any CPU.ActiveCfg = Debug|Any CPU
		{066482FA-0D00-4C14-BFF0-E8A33FC05FFE}.Debug|Any CPU.Build.0 = Debug|Any CPU
		{066482FA-0D00-4C14-BFF0-E8A33FC05FFE}.Debug|Any CPU.Deploy.0 = Debug|Any CPU
		{066482FA-0D00-4C14-BFF0-E8A33FC05FFE}.Release|Any CPU.ActiveCfg = Debug|Any CPU
		{066482FA-0D00-4C14-BFF0-E8A33FC05FFE}.Release|Any CPU.Build.0 = Debug|Any CPU
		{066482FA-0D00-4C14-BFF0-E8A33FC05FFE}.Release|Any CPU.Deploy.0 = Debug|Any CPU
		{066482FA-0D00-4C14-BFF0-E8A33FC05FFE}.RTM|Any CPU.ActiveCfg = Debug|Any CPU
		{066482FA-0D00-4C14-BFF0-E8A33FC05FFE}.RTM|Any CPU.Build.0 = Debug|Any CPU
		{066482FA-0D00-4C14-BFF0-E8A33FC05FFE}.RTM|Any CPU.Deploy.0 = Debug|Any CPU
	EndGlobalSection
	GlobalSection(SolutionProperties) = preSolution
		HideSolutionNode = FALSE
	EndGlobalSection
EndGlobal
