
Microsoft Visual Studio Solution File, Format Version 11.00
# Visual Studio 2010
Project("{FAE04EC0-301F-11D3-BF4B-00C04F79EFBC}") = "FileStreamTests", "FileStreamTests.csproj", "{44B47FC4-356F-4BDB-BDF8-873C42923DC4}"
EndProject
Global
	GlobalSection(SolutionConfigurationPlatforms) = preSolution
		Debug|Any CPU = Debug|Any CPU
		Release|Any CPU = Release|Any CPU
		RTM|Any CPU = RTM|Any CPU
	EndGlobalSection
	GlobalSection(ProjectConfigurationPlatforms) = postSolution
		{44B47FC4-356F-4BDB-BDF8-873C42923DC4}.Debug|Any CPU.ActiveCfg = Debug|Any CPU
		{44B47FC4-356F-4BDB-BDF8-873C42923DC4}.Debug|Any CPU.Build.0 = Debug|Any CPU
		{44B47FC4-356F-4BDB-BDF8-873C42923DC4}.Debug|Any CPU.Deploy.0 = Debug|Any CPU
		{44B47FC4-356F-4BDB-BDF8-873C42923DC4}.Release|Any CPU.ActiveCfg = Debug|Any CPU
		{44B47FC4-356F-4BDB-BDF8-873C42923DC4}.RTM|Any CPU.ActiveCfg = Debug|Any CPU
	EndGlobalSection
	GlobalSection(SolutionProperties) = preSolution
		HideSolutionNode = FALSE
	EndGlobalSection
EndGlobal
