
Microsoft Visual Studio Solution File, Format Version 11.00
# Visual Studio 2010
Project("{FAE04EC0-301F-11D3-BF4B-00C04F79EFBC}") = "MFSvcUtil", "MFSvcUtil\MFSvcUtil.csproj", "{7F16E902-2D63-4ECD-B2E5-E29B98CFE75A}"
	ProjectSection(ProjectDependencies) = postProject
		{91CF66F3-3FDF-4548-B0F6-1D9FEB3C4708} = {91CF66F3-3FDF-4548-B0F6-1D9FEB3C4708}
	EndProjectSection
EndProject
Project("{FAE04EC0-301F-11D3-BF4B-00C04F79EFBC}") = "MFSvcUtilProcessor", "MFSvcUtilProcessor\MFSvcUtilProcessor.csproj", "{91CF66F3-3FDF-4548-B0F6-1D9FEB3C4708}"
EndProject
Global
	GlobalSection(SolutionConfigurationPlatforms) = preSolution
		Debug|Any CPU = Debug|Any CPU
	EndGlobalSection
	GlobalSection(ProjectConfigurationPlatforms) = postSolution
		{7F16E902-2D63-4ECD-B2E5-E29B98CFE75A}.Debug|Any CPU.ActiveCfg = Debug|Any CPU
		{7F16E902-2D63-4ECD-B2E5-E29B98CFE75A}.Debug|Any CPU.Build.0 = Debug|Any CPU
		{91CF66F3-3FDF-4548-B0F6-1D9FEB3C4708}.Debug|Any CPU.ActiveCfg = Debug|Any CPU
		{91CF66F3-3FDF-4548-B0F6-1D9FEB3C4708}.Debug|Any CPU.Build.0 = Debug|Any CPU
	EndGlobalSection
	GlobalSection(SolutionProperties) = preSolution
		HideSolutionNode = FALSE
	EndGlobalSection
EndGlobal
