
Microsoft Visual Studio Solution File, Format Version 12.00
# Visual Studio 2013
VisualStudioVersion = 12.0.31101.0
MinimumVisualStudioVersion = 10.0.40219.1
Project("{FAE04EC0-301F-11D3-BF4B-00C04F79EFBC}") = "AlljoynSecurityClient", "AlljoynSecurityClient\AlljoynSecurityClient.csproj", "{9E7F4E52-79FC-48D2-9285-D13D9AFCD1AC}"
EndProject
Global
	GlobalSection(SolutionConfigurationPlatforms) = preSolution
		Debug|Any CPU = Debug|Any CPU
		Release|Any CPU = Release|Any CPU
	EndGlobalSection
	GlobalSection(ProjectConfigurationPlatforms) = postSolution
		{9E7F4E52-79FC-48D2-9285-D13D9AFCD1AC}.Debug|Any CPU.ActiveCfg = Debug|Any CPU
		{9E7F4E52-79FC-48D2-9285-D13D9AFCD1AC}.Debug|Any CPU.Build.0 = Debug|Any CPU
		{9E7F4E52-79FC-48D2-9285-D13D9AFCD1AC}.Debug|Any CPU.Deploy.0 = Debug|Any CPU
		{9E7F4E52-79FC-48D2-9285-D13D9AFCD1AC}.Release|Any CPU.ActiveCfg = Release|Any CPU
		{9E7F4E52-79FC-48D2-9285-D13D9AFCD1AC}.Release|Any CPU.Build.0 = Release|Any CPU
		{9E7F4E52-79FC-48D2-9285-D13D9AFCD1AC}.Release|Any CPU.Deploy.0 = Release|Any CPU
	EndGlobalSection
	GlobalSection(SolutionProperties) = preSolution
		HideSolutionNode = FALSE
	EndGlobalSection
EndGlobal
