
Microsoft Visual Studio Solution File, Format Version 11.00
# Visual Studio 2010
Project("{FAE04EC0-301F-11D3-BF4B-00C04F79EFBC}") = "WiFiTests1", "WiFiTests1.csproj", "{34825ACC-444E-4C11-A4EB-C869B7311F37}"
EndProject
Global
	GlobalSection(SolutionConfigurationPlatforms) = preSolution
		Debug|Any CPU = Debug|Any CPU
	EndGlobalSection
	GlobalSection(ProjectConfigurationPlatforms) = postSolution
		{34825ACC-444E-4C11-A4EB-C869B7311F37}.Debug|Any CPU.ActiveCfg = Debug|Any CPU
		{34825ACC-444E-4C11-A4EB-C869B7311F37}.Debug|Any CPU.Build.0 = Debug|Any CPU
		{34825ACC-444E-4C11-A4EB-C869B7311F37}.Debug|Any CPU.Deploy.0 = Debug|Any CPU
	EndGlobalSection
	GlobalSection(SolutionProperties) = preSolution
		HideSolutionNode = FALSE
	EndGlobalSection
EndGlobal
