
Microsoft Visual Studio Solution File, Format Version 11.00
# Visual Studio 2010
Project("{FAE04EC0-301F-11D3-BF4B-00C04F79EFBC}") = "PaddingTests", "PaddingTests.csproj", "{0410F970-D6D2-4F26-A098-4AE891E6DA8F}"
EndProject
Global
	GlobalSection(SolutionConfigurationPlatforms) = preSolution
		Debug|Any CPU = Debug|Any CPU
	EndGlobalSection
	GlobalSection(ProjectConfigurationPlatforms) = postSolution
		{0410F970-D6D2-4F26-A098-4AE891E6DA8F}.Debug|Any CPU.ActiveCfg = Debug|Any CPU
		{0410F970-D6D2-4F26-A098-4AE891E6DA8F}.Debug|Any CPU.Build.0 = Debug|Any CPU
		{0410F970-D6D2-4F26-A098-4AE891E6DA8F}.Debug|Any CPU.Deploy.0 = Debug|Any CPU
	EndGlobalSection
	GlobalSection(SolutionProperties) = preSolution
		HideSolutionNode = FALSE
	EndGlobalSection
EndGlobal
