
Microsoft Visual Studio Solution File, Format Version 11.00
# Visual Studio 2010
Project("{FAE04EC0-301F-11D3-BF4B-00C04F79EFBC}") = "HashTests", "HashTests.csproj", "{077FB2BB-EB7E-4F2B-9488-AB9DC1957285}"
EndProject
Global
	GlobalSection(SolutionConfigurationPlatforms) = preSolution
		Debug|Any CPU = Debug|Any CPU
	EndGlobalSection
	GlobalSection(ProjectConfigurationPlatforms) = postSolution
		{077FB2BB-EB7E-4F2B-9488-AB9DC1957285}.Debug|Any CPU.ActiveCfg = Debug|Any CPU
		{077FB2BB-EB7E-4F2B-9488-AB9DC1957285}.Debug|Any CPU.Build.0 = Debug|Any CPU
		{077FB2BB-EB7E-4F2B-9488-AB9DC1957285}.Debug|Any CPU.Deploy.0 = Debug|Any CPU
	EndGlobalSection
	GlobalSection(SolutionProperties) = preSolution
		HideSolutionNode = FALSE
	EndGlobalSection
EndGlobal
